
Microsoft Visual Studio Solution File, Format Version 12.00
# Visual Studio Version 17
VisualStudioVersion = 17.1.32328.378
MinimumVisualStudioVersion = 10.0.40219.1
Project("{FAE04EC0-301F-11D3-BF4B-00C04F79EFBC}") = "DaeGal_CS", "DaeGal_CS\DaeGal_CS.csproj", "{5AD68BD4-95EF-425D-BFC2-505638D1AB93}"
EndProject
Global
	GlobalSection(SolutionConfigurationPlatforms) = preSolution
		Debug|Any CPU = Debug|Any CPU
		Release|Any CPU = Release|Any CPU
	EndGlobalSection
	GlobalSection(ProjectConfigurationPlatforms) = postSolution
		{5AD68BD4-95EF-425D-BFC2-505638D1AB93}.Debug|Any CPU.ActiveCfg = Debug|Any CPU
		{5AD68BD4-95EF-425D-BFC2-505638D1AB93}.Debug|Any CPU.Build.0 = Debug|Any CPU
		{5AD68BD4-95EF-425D-BFC2-505638D1AB93}.Release|Any CPU.ActiveCfg = Release|Any CPU
		{5AD68BD4-95EF-425D-BFC2-505638D1AB93}.Release|Any CPU.Build.0 = Release|Any CPU
	EndGlobalSection
	GlobalSection(SolutionProperties) = preSolution
		HideSolutionNode = FALSE
	EndGlobalSection
	GlobalSection(ExtensibilityGlobals) = postSolution
		SolutionGuid = {C3FCCA21-430F-4284-8E5E-62A2BB8DE183}
	EndGlobalSection
EndGlobal
